PODS:
  - Alamofire (5.1.0)
  - LicensePlist (2.15.1)
  - RxSwift (4.5.0)

DEPENDENCIES:
  - Alamofire
  - LicensePlist
  - RxSwift (~> 4.0)

SPEC REPOS:
  trunk:
    - Alamofire
    - LicensePlist
    - RxSwift

SPEC CHECKSUMS:
  Alamofire: 9d5c5f602928e512395b30950c5984eca840093c
  LicensePlist: 9fb7c521b431f94ea665046c15ed5f392583afbd
  RxSwift: f172070dfd1a93d70a9ab97a5a01166206e1c575

PODFILE CHECKSUM: 8e786cf8c461b9e50cef909de698182e19225e9a

COCOAPODS: 1.9.1
